lockfileVersion: 5.4

specifiers:
  '@types/node': ^18.15.10
  playwright: ^1.32.1
  typescript: ^5.0.2

devDependencies:
  '@types/node': 18.15.10
  playwright: 1.32.1
  typescript: 5.0.2

packages:

  /@types/node/18.15.10:
    resolution: {integrity: sha512-9avDaQJczATcXgfmMAW3MIWArOO7A+m90vuCFLr8AotWf8igO/mRoYukrk2cqZVtv38tHs33retzHEilM7FpeQ==}
    dev: true

  /playwright-core/1.32.1:
    resolution: {integrity: sha512-KZYUQC10mXD2Am1rGlidaalNGYk3LU1vZqqNk0gT4XPty1jOqgup8KDP8l2CUlqoNKhXM5IfGjWgW37xvGllBA==}
    engines: {node: '>=14'}
    hasBin: true
    dev: true

  /playwright/1.32.1:
    resolution: {integrity: sha512-GnEizysWMvoqHC3I9l8+4/ZxeLwLNdJJG76xdKGxzOcIZDcw5RSk/FKrFb5CuA+zcLpjIM2p9eR9Z4CuUDkWXg==}
    engines: {node: '>=14'}
    hasBin: true
    requiresBuild: true
    dependencies:
      playwright-core: 1.32.1
    dev: true

  /typescript/5.0.2:
    resolution: {integrity: sha512-wVORMBGO/FAs/++blGNeAVdbNKtIh1rbBL2EyQ1+J9lClJ93KiiKe8PmFIVdXhHcyv44SL9oglmfeSsndo0jRw==}
    engines: {node: '>=12.20'}
    hasBin: true
    dev: true
